
Microsoft Visual Studio Solution File, Format Version 12.00
# Visual Studio 2013
VisualStudioVersion = 12.0.30501.0
MinimumVisualStudioVersion = 10.0.40219.1
Project("{FAE04EC0-301F-11D3-BF4B-00C04F79EFBC}") = "Hemlock", "Hemlock\Hemlock.csproj", "{430FBA99-C06B-4816-9526-EBFCC9A87DF4}"
EndProject
Project("{FAE04EC0-301F-11D3-BF4B-00C04F79EFBC}") = "hemlockui", "hemlockui\hemlockui.csproj", "{7898FC88-4F34-467B-9458-EED0D61EA63A}"
EndProject
Global
	GlobalSection(SolutionConfigurationPlatforms) = preSolution
		Debug|Any CPU = Debug|Any CPU
		Release|Any CPU = Release|Any CPU
	EndGlobalSection
	GlobalSection(ProjectConfigurationPlatforms) = postSolution
		{430FBA99-C06B-4816-9526-EBFCC9A87DF4}.Debug|Any CPU.ActiveCfg = Debug|Any CPU
		{430FBA99-C06B-4816-9526-EBFCC9A87DF4}.Debug|Any CPU.Build.0 = Debug|Any CPU
		{430FBA99-C06B-4816-9526-EBFCC9A87DF4}.Release|Any CPU.ActiveCfg = Release|Any CPU
		{430FBA99-C06B-4816-9526-EBFCC9A87DF4}.Release|Any CPU.Build.0 = Release|Any CPU
		{7898FC88-4F34-467B-9458-EED0D61EA63A}.Debug|Any CPU.ActiveCfg = Debug|Any CPU
		{7898FC88-4F34-467B-9458-EED0D61EA63A}.Debug|Any CPU.Build.0 = Debug|Any CPU
		{7898FC88-4F34-467B-9458-EED0D61EA63A}.Release|Any CPU.ActiveCfg = Release|Any CPU
		{7898FC88-4F34-467B-9458-EED0D61EA63A}.Release|Any CPU.Build.0 = Release|Any CPU
	EndGlobalSection
	GlobalSection(SolutionProperties) = preSolution
		HideSolutionNode = FALSE
	EndGlobalSection
EndGlobal
